
Microsoft Visual Studio Solution File, Format Version 12.00
# Visual Studio Version 16
VisualStudioVersion = 16.0.31321.278
MinimumVisualStudioVersion = 10.0.40219.1
Project("{FAE04EC0-301F-11D3-BF4B-00C04F79EFBC}") = "Kalkulacka", "Kalkulacka\Kalkulacka.csproj", "{F866817A-CC46-42F3-9982-C779D25A3B53}"
EndProject
Global
	GlobalSection(SolutionConfigurationPlatforms) = preSolution
		Debug|Any CPU = Debug|Any CPU
		Release|Any CPU = Release|Any CPU
	EndGlobalSection
	GlobalSection(ProjectConfigurationPlatforms) = postSolution
		{F866817A-CC46-42F3-9982-C779D25A3B53}.Debug|Any CPU.ActiveCfg = Debug|Any CPU
		{F866817A-CC46-42F3-9982-C779D25A3B53}.Debug|Any CPU.Build.0 = Debug|Any CPU
		{F866817A-CC46-42F3-9982-C779D25A3B53}.Release|Any CPU.ActiveCfg = Release|Any CPU
		{F866817A-CC46-42F3-9982-C779D25A3B53}.Release|Any CPU.Build.0 = Release|Any CPU
	EndGlobalSection
	GlobalSection(SolutionProperties) = preSolution
		HideSolutionNode = FALSE
	EndGlobalSection
	GlobalSection(ExtensibilityGlobals) = postSolution
		SolutionGuid = {8BE47603-42A7-40AB-9610-18CD475D10C9}
	EndGlobalSection
EndGlobal
